
Microsoft Visual Studio Solution File, Format Version 12.00
# Visual Studio Version 16
VisualStudioVersion = 16.0.32106.194
MinimumVisualStudioVersion = 10.0.40219.1
Project("{FAE04EC0-301F-11D3-BF4B-00C04F79EFBC}") = "ShearchApp", "Application\ShearchApp.csproj", "{585551BD-4D43-4229-9BAB-BCDAFFA299A9}"
EndProject
Project("{9A19103F-16F7-4668-BE54-9A1E7A4F7556}") = "TestApp", "TestApp\TestApp.csproj", "{552DC626-2F39-4DA0-931C-D380B48313F8}"
EndProject
Project("{FAE04EC0-301F-11D3-BF4B-00C04F79EFBC}") = "ClassLibrary", "ClassLibrary\ClassLibrary.csproj", "{183BF2BC-12BE-4EA1-A8B4-3765F3044CA6}"
EndProject
Global
	GlobalSection(SolutionConfigurationPlatforms) = preSolution
		Debug|Any CPU = Debug|Any CPU
		Release|Any CPU = Release|Any CPU
	EndGlobalSection
	GlobalSection(ProjectConfigurationPlatforms) = postSolution
		{585551BD-4D43-4229-9BAB-BCDAFFA299A9}.Debug|Any CPU.ActiveCfg = Debug|Any CPU
		{585551BD-4D43-4229-9BAB-BCDAFFA299A9}.Debug|Any CPU.Build.0 = Debug|Any CPU
		{585551BD-4D43-4229-9BAB-BCDAFFA299A9}.Release|Any CPU.ActiveCfg = Release|Any CPU
		{585551BD-4D43-4229-9BAB-BCDAFFA299A9}.Release|Any CPU.Build.0 = Release|Any CPU
		{552DC626-2F39-4DA0-931C-D380B48313F8}.Debug|Any CPU.ActiveCfg = Debug|Any CPU
		{552DC626-2F39-4DA0-931C-D380B48313F8}.Debug|Any CPU.Build.0 = Debug|Any CPU
		{552DC626-2F39-4DA0-931C-D380B48313F8}.Release|Any CPU.ActiveCfg = Release|Any CPU
		{552DC626-2F39-4DA0-931C-D380B48313F8}.Release|Any CPU.Build.0 = Release|Any CPU
		{183BF2BC-12BE-4EA1-A8B4-3765F3044CA6}.Debug|Any CPU.ActiveCfg = Debug|Any CPU
		{183BF2BC-12BE-4EA1-A8B4-3765F3044CA6}.Debug|Any CPU.Build.0 = Debug|Any CPU
		{183BF2BC-12BE-4EA1-A8B4-3765F3044CA6}.Release|Any CPU.ActiveCfg = Release|Any CPU
		{183BF2BC-12BE-4EA1-A8B4-3765F3044CA6}.Release|Any CPU.Build.0 = Release|Any CPU
	EndGlobalSection
	GlobalSection(SolutionProperties) = preSolution
		HideSolutionNode = FALSE
	EndGlobalSection
	GlobalSection(ExtensibilityGlobals) = postSolution
		SolutionGuid = {B70BD7D0-8DDC-43F5-B16F-875F1E8A05D2}
	EndGlobalSection
EndGlobal
